brotli==1.2.0
cffi==2.1.1
contourpy==1.4.0
cssselect2==0.10.1
cycler==0.12.1
fonttools==4.66.1
kiwisolver==1.5.1
matplotlib==3.11.2
numpy==2.5.3
packaging==26.3
pillow==12.3.0
pycparser==3.1
pydyf==0.12.1
pyparsing==3.3.3
pyphen==0.18.1
python-dateutil==2.9.0.post0
six==1.17.0
tinycss2==1.5.1
tinyhtml5==2.1.0
weasyprint==70.0
webencodings==0.6.1
zopfli==0.4.3
